Microsoft Visual Studio Solution File, Format Version 11.00
# Visual Studio 2010
Project("{E097FAD1-6243-4DAD-9C02-E9B9EFC3FFC1}") = "Assembly-CSharp", "Assembly-CSharp.csproj", "{37e6daef-742c-2339-06b5-be674f9f256d}"
EndProject
Project("{E097FAD1-6243-4DAD-9C02-E9B9EFC3FFC1}") = "Assembly-CSharp-Editor-firstpass", "Assembly-CSharp-Editor-firstpass.csproj", "{0b467d4d-e807-98a6-602f-89839e019448}"
EndProject
Global
	GlobalSection(SolutionConfigurationPlatforms) = preSolution
		Debug|Any CPU = Debug|Any CPU
		Release|Any CPU = Release|Any CPU
	EndGlobalSection
	GlobalSection(ProjectConfigurationPlatforms) = postSolution
		{37e6daef-742c-2339-06b5-be674f9f256d}.Debug|Any CPU.ActiveCfg = Debug|Any CPU
		{37e6daef-742c-2339-06b5-be674f9f256d}.Debug|Any CPU.Build.0 = Debug|Any CPU
		{37e6daef-742c-2339-06b5-be674f9f256d}.Release|Any CPU.ActiveCfg = Release|Any CPU
		{37e6daef-742c-2339-06b5-be674f9f256d}.Release|Any CPU.Build.0 = Release|Any CPU
		{0b467d4d-e807-98a6-602f-89839e019448}.Debug|Any CPU.ActiveCfg = Debug|Any CPU
		{0b467d4d-e807-98a6-602f-89839e019448}.Debug|Any CPU.Build.0 = Debug|Any CPU
		{0b467d4d-e807-98a6-602f-89839e019448}.Release|Any CPU.ActiveCfg = Release|Any CPU
		{0b467d4d-e807-98a6-602f-89839e019448}.Release|Any CPU.Build.0 = Release|Any CPU
	EndGlobalSection
	GlobalSection(SolutionProperties) = preSolution
		HideSolutionNode = FALSE
	EndGlobalSection
EndGlobal
